
Microsoft Visual Studio Solution File, Format Version 12.00
# Visual Studio Version 17
VisualStudioVersion = 17.12.35527.113
MinimumVisualStudioVersion = 10.0.40219.1
Project("{FAE04EC0-301F-11D3-BF4B-00C04F79EFBC}") = "FakerDataApi", "FakerDataApi\FakerDataApi.csproj", "{2E29255F-FA5A-4BA7-81A4-60912D892A9F}"
EndProject
Project("{FAE04EC0-301F-11D3-BF4B-00C04F79EFBC}") = "BlackbeardDotNet", "BlackbeardDotNet\BlackbeardDotNet.csproj", "{95D724A1-1BE8-424F-BD09-25D4ED0649C5}"
EndProject
Project("{FAE04EC0-301F-11D3-BF4B-00C04F79EFBC}") = "DabAgent", "DabAgent\DabAgent.csproj", "{4ABE0C4E-28CA-4AD7-BB07-2421116F0EAE}"
EndProject
Global
	GlobalSection(SolutionConfigurationPlatforms) = preSolution
		Debug|Any CPU = Debug|Any CPU
		Release|Any CPU = Release|Any CPU
	EndGlobalSection
	GlobalSection(ProjectConfigurationPlatforms) = postSolution
		{2E29255F-FA5A-4BA7-81A4-60912D892A9F}.Debug|Any CPU.ActiveCfg = Debug|Any CPU
		{2E29255F-FA5A-4BA7-81A4-60912D892A9F}.Debug|Any CPU.Build.0 = Debug|Any CPU
		{2E29255F-FA5A-4BA7-81A4-60912D892A9F}.Release|Any CPU.ActiveCfg = Release|Any CPU
		{2E29255F-FA5A-4BA7-81A4-60912D892A9F}.Release|Any CPU.Build.0 = Release|Any CPU
		{95D724A1-1BE8-424F-BD09-25D4ED0649C5}.Debug|Any CPU.ActiveCfg = Debug|Any CPU
		{95D724A1-1BE8-424F-BD09-25D4ED0649C5}.Debug|Any CPU.Build.0 = Debug|Any CPU
		{95D724A1-1BE8-424F-BD09-25D4ED0649C5}.Release|Any CPU.ActiveCfg = Release|Any CPU
		{95D724A1-1BE8-424F-BD09-25D4ED0649C5}.Release|Any CPU.Build.0 = Release|Any CPU
		{4ABE0C4E-28CA-4AD7-BB07-2421116F0EAE}.Debug|Any CPU.ActiveCfg = Debug|Any CPU
		{4ABE0C4E-28CA-4AD7-BB07-2421116F0EAE}.Debug|Any CPU.Build.0 = Debug|Any CPU
		{4ABE0C4E-28CA-4AD7-BB07-2421116F0EAE}.Release|Any CPU.ActiveCfg = Release|Any CPU
		{4ABE0C4E-28CA-4AD7-BB07-2421116F0EAE}.Release|Any CPU.Build.0 = Release|Any CPU
	EndGlobalSection
	GlobalSection(SolutionProperties) = preSolution
		HideSolutionNode = FALSE
	EndGlobalSection
EndGlobal
